
Microsoft Visual Studio Solution File, Format Version 12.00
# Visual Studio 2013
VisualStudioVersion = 12.0.31101.0
MinimumVisualStudioVersion = 10.0.40219.1
Project("{FAE04EC0-301F-11D3-BF4B-00C04F79EFBC}") = "SkillsEngine.ODataBackend", "ODataBackend/SkillsEngine.ODataBackend.csproj", "{2EF2C8B7-D33B-41BE-8746-592235353657}"
EndProject
Project("{FAE04EC0-301F-11D3-BF4B-00C04F79EFBC}") = "SkillsEngine.Objects", "Objects/SkillsEngine.Objects.csproj", "{9F90DCA2-A686-4A99-A698-FD8C83819D64}"
EndProject
Global
	GlobalSection(SolutionConfigurationPlatforms) = preSolution
Debug|Any CPU = Debug|Any CPU
Release|Any CPU = Release|Any CPU
	EndGlobalSection
	GlobalSection(ProjectConfigurationPlatforms) = postSolution
		{2EF2C8B7-D33B-41BE-8746-592235353657}.Debug|Any CPU.ActiveCfg = Debug|Any CPU
		{2EF2C8B7-D33B-41BE-8746-592235353657}.Debug|Any CPU.Build.0 = Debug|Any CPU
		{2EF2C8B7-D33B-41BE-8746-592235353657}.Release|Any CPU.ActiveCfg = Release|Any CPU
		{2EF2C8B7-D33B-41BE-8746-592235353657}.Release|Any CPU.Build.0 = Release|Any CPU
		{9F90DCA2-A686-4A99-A698-FD8C83819D64}.Debug|Any CPU.ActiveCfg = Debug|Any CPU
		{9F90DCA2-A686-4A99-A698-FD8C83819D64}.Debug|Any CPU.Build.0 = Debug|Any CPU
		{9F90DCA2-A686-4A99-A698-FD8C83819D64}.Release|Any CPU.ActiveCfg = Release|Any CPU
		{9F90DCA2-A686-4A99-A698-FD8C83819D64}.Release|Any CPU.Build.0 = Release|Any CPU
	EndGlobalSection
	GlobalSection(SolutionProperties) = preSolution
		HideSolutionNode = FALSE
	EndGlobalSection
EndGlobal
